// !$*UTF8*$!
{
	archiveVersion = 1;
	classes = {
	};
	objectVersion = 46;
	objects = {

/* Begin PBXBuildFile section */
		D66705F61B1FC9F500447B24 /* Images.xcassets in Resources */ = {isa = PBXBuildFile; fileRef = D66705F51B1FC9F500447B24 /* Images.xcassets */; };
		D69DCB801B23F2490015222F /* TPCPageScrollView.m in Sources */ = {isa = PBXBuildFile; fileRef = D69DCB7F1B23F2490015222F /* TPCPageScrollView.m */; };
		D6C900CB1B1BE7F400CCE060 /* main.m in Sources */ = {isa = PBXBuildFile; fileRef = D6C900CA1B1BE7F400CCE060 /* main.m */; };
		D6C900CE1B1BE7F400CCE060 /* AppDelegate.m in Sources */ = {isa = PBXBuildFile; fileRef = D6C900CD1B1BE7F400CCE060 /* AppDelegate.m */; };
		D6C900D11B1BE7F400CCE060 /* ViewController.m in Sources */ = {isa = PBXBuildFile; fileRef = D6C900D01B1BE7F400CCE060 /* ViewController.m */; };
		D6C900D41B1BE7F400CCE060 /* Main.storyboard in Resources */ = {isa = PBXBuildFile; fileRef = D6C900D21B1BE7F400CCE060 /* Main.storyboard */; };
		D6C900D91B1BE7F400CCE060 /* LaunchScreen.xib in Resources */ = {isa = PBXBuildFile; fileRef = D6C900D71B1BE7F400CCE060 /* LaunchScreen.xib */; };
		D6C900E51B1BE7F400CCE060 /* TPCPageScrollViewTests.m in Sources */ = {isa = PBXBuildFile; fileRef = D6C900E41B1BE7F400CCE060 /* TPCPageScrollViewTests.m */; };
		D6D21B041B428E1B004626A8 /* TPCScrollViewByTwoImageView.m in Sources */ = {isa = PBXBuildFile; fileRef = D6D21B031B428E1B004626A8 /* TPCScrollViewByTwoImageView.m */; };
		D6D21B3D1B4296BC004626A8 /* TPCScrollViewByCollectionView.m in Sources */ = {isa = PBXBuildFile; fileRef = D6D21B3C1B4296BC004626A8 /* TPCScrollViewByCollectionView.m */; };
/* End PBXBuildFile section */

/* Begin PBXContainerItemProxy section */
		D6C900DF1B1BE7F400CCE060 /* PBXContainerItemProxy */ = {
			isa = PBXContainerItemProxy;
			containerPortal = D6C900BD1B1BE7F400CCE060 /* Project object */;
			proxyType = 1;
			remoteGlobalIDString = D6C900C41B1BE7F400CCE060;
			remoteInfo = TPCPageScrollView;
		};
/* End PBXContainerItemProxy section */

/* Begin PBXFileReference section */
		D66705F51B1FC9F500447B24 /* Images.xcassets */ = {isa = PBXFileReference; lastKnownFileType = folder.assetcatalog; path = Images.xcassets; sourceTree = "<group>"; };
		D69DCB7E1B23F2490015222F /* TPCPageScrollView.h */ = {isa = PBXFileReference; fileEncoding = 4; lastKnownFileType = sourcecode.c.h; path = TPCPageScrollView.h; sourceTree = "<group>"; };
		D69DCB7F1B23F2490015222F /* TPCPageScrollView.m */ = {isa = PBXFileReference; fileEncoding = 4; lastKnownFileType = sourcecode.c.objc; path = TPCPageScrollView.m; sourceTree = "<group>"; };
		D6C900C51B1BE7F400CCE060 /* TPCPageScrollView.app */ = {isa = PBXFileReference; explicitFileType = wrapper.application; includeInIndex = 0; path = TPCPageScrollView.app; sourceTree = BUILT_PRODUCTS_DIR; };
		D6C900C91B1BE7F400CCE060 /* Info.plist */ = {isa = PBXFileReference; lastKnownFileType = text.plist.xml; path = Info.plist; sourceTree = "<group>"; };
		D6C900CA1B1BE7F400CCE060 /* main.m */ = {isa = PBXFileReference; lastKnownFileType = sourcecode.c.objc; path = main.m; sourceTree = "<group>"; };
		D6C900CC1B1BE7F400CCE060 /* AppDelegate.h */ = {isa = PBXFileReference; lastKnownFileType = sourcecode.c.h; path = AppDelegate.h; sourceTree = "<group>"; };
		D6C900CD1B1BE7F400CCE060 /* AppDelegate.m */ = {isa = PBXFileReference; lastKnownFileType = sourcecode.c.objc; path = AppDelegate.m; sourceTree = "<group>"; };
		D6C900CF1B1BE7F400CCE060 /* ViewController.h */ = {isa = PBXFileReference; lastKnownFileType = sourcecode.c.h; path = ViewController.h; sourceTree = "<group>"; };
		D6C900D01B1BE7F400CCE060 /* ViewController.m */ = {isa = PBXFileReference; lastKnownFileType = sourcecode.c.objc; path = ViewController.m; sourceTree = "<group>"; };
		D6C900D31B1BE7F400CCE060 /* Base */ = {isa = PBXFileReference; lastKnownFileType = file.storyboard; name = Base; path = Base.lproj/Main.storyboard; sourceTree = "<group>"; };
		D6C900D81B1BE7F400CCE060 /* Base */ = {isa = PBXFileReference; lastKnownFileType = file.xib; name = Base; path = Base.lproj/LaunchScreen.xib; sourceTree = "<group>"; };
		D6C900DE1B1BE7F400CCE060 /* TPCPageScrollViewTests.xctest */ = {isa = PBXFileReference; explicitFileType = wrapper.cfbundle; includeInIndex = 0; path = TPCPageScrollViewTests.xctest; sourceTree = BUILT_PRODUCTS_DIR; };
		D6C900E31B1BE7F400CCE060 /* Info.plist */ = {isa = PBXFileReference; lastKnownFileType = text.plist.xml; path = Info.plist; sourceTree = "<group>"; };
		D6C900E41B1BE7F400CCE060 /* TPCPageScrollViewTests.m */ = {isa = PBXFileReference; lastKnownFileType = sourcecode.c.objc; path = TPCPageScrollViewTests.m; sourceTree = "<group>"; };
		D6D21B021B428E1B004626A8 /* TPCScrollViewByTwoImageView.h */ = {isa = PBXFileReference; fileEncoding = 4; lastKnownFileType = sourcecode.c.h; path = TPCScrollViewByTwoImageView.h; sourceTree = "<group>"; };
		D6D21B031B428E1B004626A8 /* TPCScrollViewByTwoImageView.m */ = {isa = PBXFileReference; fileEncoding = 4; lastKnownFileType = sourcecode.c.objc; path = TPCScrollViewByTwoImageView.m; sourceTree = "<group>"; };
		D6D21B3B1B4296BC004626A8 /* TPCScrollViewByCollectionView.h */ = {isa = PBXFileReference; fileEncoding = 4; lastKnownFileType = sourcecode.c.h; path = TPCScrollViewByCollectionView.h; sourceTree = "<group>"; };
		D6D21B3C1B4296BC004626A8 /* TPCScrollViewByCollectionView.m */ = {isa = PBXFileReference; fileEncoding = 4; lastKnownFileType = sourcecode.c.objc; path = TPCScrollViewByCollectionView.m; sourceTree = "<group>"; };
/* End PBXFileReference section */

/* Begin PBXFrameworksBuildPhase section */
		D6C900C21B1BE7F400CCE060 /* Frameworks */ = {
			isa = PBXFrameworksBuildPhase;
			buildActionMask = 2147483647;
			files = (
			);
			runOnlyForDeploymentPostprocessing = 0;
		};
		D6C900DB1B1BE7F400CCE060 /* Frameworks */ = {
			isa = PBXFrameworksBuildPhase;
			buildActionMask = 2147483647;
			files = (
			);
			runOnlyForDeploymentPostprocessing = 0;
		};
/* End PBXFrameworksBuildPhase section */

/* Begin PBXGroup section */
		D69DCB7D1B23F2490015222F /* TPCPageScrollView */ = {
			isa = PBXGroup;
			children = (
				D69DCB7E1B23F2490015222F /* TPCPageScrollView.h */,
				D69DCB7F1B23F2490015222F /* TPCPageScrollView.m */,
			);
			path = TPCPageScrollView;
			sourceTree = "<group>";
		};
		D6C900BC1B1BE7F400CCE060 = {
			isa = PBXGroup;
			children = (
				D6C900C71B1BE7F400CCE060 /* TPCPageScrollView */,
				D6C900E11B1BE7F400CCE060 /* TPCPageScrollViewTests */,
				D6C900C61B1BE7F400CCE060 /* Products */,
			);
			sourceTree = "<group>";
		};
		D6C900C61B1BE7F400CCE060 /* Products */ = {
			isa = PBXGroup;
			children = (
				D6C900C51B1BE7F400CCE060 /* TPCPageScrollView.app */,
				D6C900DE1B1BE7F400CCE060 /* TPCPageScrollViewTests.xctest */,
			);
			name = Products;
			sourceTree = "<group>";
		};
		D6C900C71B1BE7F400CCE060 /* TPCPageScrollView */ = {
			isa = PBXGroup;
			children = (
				D6C900EE1B1BE80000CCE060 /* Classes */,
				D6C900C81B1BE7F400CCE060 /* Supporting Files */,
			);
			path = TPCPageScrollView;
			sourceTree = "<group>";
		};
		D6C900C81B1BE7F400CCE060 /* Supporting Files */ = {
			isa = PBXGroup;
			children = (
				D6C900D21B1BE7F400CCE060 /* Main.storyboard */,
				D6C900D71B1BE7F400CCE060 /* LaunchScreen.xib */,
				D66705F51B1FC9F500447B24 /* Images.xcassets */,
				D6C900C91B1BE7F400CCE060 /* Info.plist */,
				D6C900CA1B1BE7F400CCE060 /* main.m */,
			);
			name = "Supporting Files";
			sourceTree = "<group>";
		};
		D6C900E11B1BE7F400CCE060 /* TPCPageScrollViewTests */ = {
			isa = PBXGroup;
			children = (
				D6C900E41B1BE7F400CCE060 /* TPCPageScrollViewTests.m */,
				D6C900E21B1BE7F400CCE060 /* Supporting Files */,
			);
			path = TPCPageScrollViewTests;
			sourceTree = "<group>";
		};
		D6C900E21B1BE7F400CCE060 /* Supporting Files */ = {
			isa = PBXGroup;
			children = (
				D6C900E31B1BE7F400CCE060 /* Info.plist */,
			);
			name = "Supporting Files";
			sourceTree = "<group>";
		};
		D6C900EE1B1BE80000CCE060 /* Classes */ = {
			isa = PBXGroup;
			children = (
				D6D21B051B428E8B004626A8 /* TPCPageScrollViewByCollectionView */,
				D6D21B011B428E09004626A8 /* TPCPageScrollViewByTwoImageView */,
				D69DCB7D1B23F2490015222F /* TPCPageScrollView */,
				D6C900CC1B1BE7F400CCE060 /* AppDelegate.h */,
				D6C900CD1B1BE7F400CCE060 /* AppDelegate.m */,
				D6C900CF1B1BE7F400CCE060 /* ViewController.h */,
				D6C900D01B1BE7F400CCE060 /* ViewController.m */,
			);
			name = Classes;
			sourceTree = "<group>";
		};
		D6D21B011B428E09004626A8 /* TPCPageScrollViewByTwoImageView */ = {
			isa = PBXGroup;
			children = (
				D6D21B021B428E1B004626A8 /* TPCScrollViewByTwoImageView.h */,
				D6D21B031B428E1B004626A8 /* TPCScrollViewByTwoImageView.m */,
			);
			path = TPCPageScrollViewByTwoImageView;
			sourceTree = "<group>";
		};
		D6D21B051B428E8B004626A8 /* TPCPageScrollViewByCollectionView */ = {
			isa = PBXGroup;
			children = (
				D6D21B3B1B4296BC004626A8 /* TPCScrollViewByCollectionView.h */,
				D6D21B3C1B4296BC004626A8 /* TPCScrollViewByCollectionView.m */,
			);
			path = TPCPageScrollViewByCollectionView;
			sourceTree = "<group>";
		};
/* End PBXGroup section */

/* Begin PBXNativeTarget section */
		D6C900C41B1BE7F400CCE060 /* TPCPageScrollView */ = {
			isa = PBXNativeTarget;
			buildConfigurationList = D6C900E81B1BE7F400CCE060 /* Build configuration list for PBXNativeTarget "TPCPageScrollView" */;
			buildPhases = (
				D6C900C11B1BE7F400CCE060 /* Sources */,
				D6C900C21B1BE7F400CCE060 /* Frameworks */,
				D6C900C31B1BE7F400CCE060 /* Resources */,
			);
			buildRules = (
			);
			dependencies = (
			);
			name = TPCPageScrollView;
			productName = TPCPageScrollView;
			productReference = D6C900C51B1BE7F400CCE060 /* TPCPageScrollView.app */;
			productType = "com.apple.product-type.application";
		};
		D6C900DD1B1BE7F400CCE060 /* TPCPageScrollViewTests */ = {
			isa = PBXNativeTarget;
			buildConfigurationList = D6C900EB1B1BE7F400CCE060 /* Build configuration list for PBXNativeTarget "TPCPageScrollViewTests" */;
			buildPhases = (
				D6C900DA1B1BE7F400CCE060 /* Sources */,
				D6C900DB1B1BE7F400CCE060 /* Frameworks */,
				D6C900DC1B1BE7F400CCE060 /* Resources */,
			);
			buildRules = (
			);
			dependencies = (
				D6C900E01B1BE7F400CCE060 /* PBXTargetDependency */,
			);
			name = TPCPageScrollViewTests;
			productName = TPCPageScrollViewTests;
			productReference = D6C900DE1B1BE7F400CCE060 /* TPCPageScrollViewTests.xctest */;
			productType = "com.apple.product-type.bundle.unit-test";
		};
/* End PBXNativeTarget section */

/* Begin PBXProject section */
		D6C900BD1B1BE7F400CCE060 /* Project object */ = {
			isa = PBXProject;
			attributes = {
				LastUpgradeCheck = 0620;
				ORGANIZATIONNAME = "宋瑞旺";
				TargetAttributes = {
					D6C900C41B1BE7F400CCE060 = {
						CreatedOnToolsVersion = 6.2;
					};
					D6C900DD1B1BE7F400CCE060 = {
						CreatedOnToolsVersion = 6.2;
						TestTargetID = D6C900C41B1BE7F400CCE060;
					};
				};
			};
			buildConfigurationList = D6C900C01B1BE7F400CCE060 /* Build configuration list for PBXProject "TPCPageScrollView" */;
			compatibilityVersion = "Xcode 3.2";
			developmentRegion = English;
			hasScannedForEncodings = 0;
			knownRegions = (
				en,
				Base,
			);
			mainGroup = D6C900BC1B1BE7F400CCE060;
			productRefGroup = D6C900C61B1BE7F400CCE060 /* Products */;
			projectDirPath = "";
			projectRoot = "";
			targets = (
				D6C900C41B1BE7F400CCE060 /* TPCPageScrollView */,
				D6C900DD1B1BE7F400CCE060 /* TPCPageScrollViewTests */,
			);
		};
/* End PBXProject section */

/* Begin PBXResourcesBuildPhase section */
		D6C900C31B1BE7F400CCE060 /* Resources */ = {
			isa = PBXResourcesBuildPhase;
			buildActionMask = 2147483647;
			files = (
				D66705F61B1FC9F500447B24 /* Images.xcassets in Resources */,
				D6C900D41B1BE7F400CCE060 /* Main.storyboard in Resources */,
				D6C900D91B1BE7F400CCE060 /* LaunchScreen.xib in Resources */,
			);
			runOnlyForDeploymentPostprocessing = 0;
		};
		D6C900DC1B1BE7F400CCE060 /* Resources */ = {
			isa = PBXResourcesBuildPhase;
			buildActionMask = 2147483647;
			files = (
			);
			runOnlyForDeploymentPostprocessing = 0;
		};
/* End PBXResourcesBuildPhase section */

/* Begin PBXSourcesBuildPhase section */
		D6C900C11B1BE7F400CCE060 /* Sources */ = {
			isa = PBXSourcesBuildPhase;
			buildActionMask = 2147483647;
			files = (
				D69DCB801B23F2490015222F /* TPCPageScrollView.m in Sources */,
				D6D21B3D1B4296BC004626A8 /* TPCScrollViewByCollectionView.m in Sources */,
				D6D21B041B428E1B004626A8 /* TPCScrollViewByTwoImageView.m in Sources */,
				D6C900D11B1BE7F400CCE060 /* ViewController.m in Sources */,
				D6C900CE1B1BE7F400CCE060 /* AppDelegate.m in Sources */,
				D6C900CB1B1BE7F400CCE060 /* main.m in Sources */,
			);
			runOnlyForDeploymentPostprocessing = 0;
		};
		D6C900DA1B1BE7F400CCE060 /* Sources */ = {
			isa = PBXSourcesBuildPhase;
			buildActionMask = 2147483647;
			files = (
				D6C900E51B1BE7F400CCE060 /* TPCPageScrollViewTests.m in Sources */,
			);
			runOnlyForDeploymentPostprocessing = 0;
		};
/* End PBXSourcesBuildPhase section */

/* Begin PBXTargetDependency section */
		D6C900E01B1BE7F400CCE060 /* PBXTargetDependency */ = {
			isa = PBXTargetDependency;
			target = D6C900C41B1BE7F400CCE060 /* TPCPageScrollView */;
			targetProxy = D6C900DF1B1BE7F400CCE060 /* PBXContainerItemProxy */;
		};
/* End PBXTargetDependency section */

/* Begin PBXVariantGroup section */
		D6C900D21B1BE7F400CCE060 /* Main.storyboard */ = {
			isa = PBXVariantGroup;
			children = (
				D6C900D31B1BE7F400CCE060 /* Base */,
			);
			name = Main.storyboard;
			sourceTree = "<group>";
		};
		D6C900D71B1BE7F400CCE060 /* LaunchScreen.xib */ = {
			isa = PBXVariantGroup;
			children = (
				D6C900D81B1BE7F400CCE060 /* Base */,
			);
			name = LaunchScreen.xib;
			sourceTree = "<group>";
		};
/* End PBXVariantGroup section */

/* Begin XCBuildConfiguration section */
		D6C900E61B1BE7F400CCE060 /* Debug */ = {
			isa = XCBuildConfiguration;
			buildSettings = {
				ALWAYS_SEARCH_USER_PATHS = NO;
				CLANG_CXX_LANGUAGE_STANDARD = "gnu++0x";
				CLANG_CXX_LIBRARY = "libc++";
				CLANG_ENABLE_MODULES = YES;
				CLANG_ENABLE_OBJC_ARC = YES;
				CLANG_WARN_BOOL_CONVERSION = YES;
				CLANG_WARN_CONSTANT_CONVERSION = YES;
				CLANG_WARN_DIRECT_OBJC_ISA_USAGE = YES_ERROR;
				CLANG_WARN_EMPTY_BODY = YES;
				CLANG_WARN_ENUM_CONVERSION = YES;
				CLANG_WARN_INT_CONVERSION = YES;
				CLANG_WARN_OBJC_ROOT_CLASS = YES_ERROR;
				CLANG_WARN_UNREACHABLE_CODE = YES;
				CLANG_WARN__DUPLICATE_METHOD_MATCH = YES;
				"CODE_SIGN_IDENTITY[sdk=iphoneos*]" = "iPhone Developer";
				COPY_PHASE_STRIP = NO;
				ENABLE_STRICT_OBJC_MSGSEND = YES;
				GCC_C_LANGUAGE_STANDARD = gnu99;
				GCC_DYNAMIC_NO_PIC = NO;
				GCC_OPTIMIZATION_LEVEL = 0;
				GCC_PREPROCESSOR_DEFINITIONS = (
					"DEBUG=1",
					"$(inherited)",
				);
				GCC_SYMBOLS_PRIVATE_EXTERN = NO;
				GCC_WARN_64_TO_32_BIT_CONVERSION = YES;
				GCC_WARN_ABOUT_RETURN_TYPE = YES_ERROR;
				GCC_WARN_UNDECLARED_SELECTOR = YES;
				GCC_WARN_UNINITIALIZED_AUTOS = YES_AGGRESSIVE;
				GCC_WARN_UNUSED_FUNCTION = YES;
				GCC_WARN_UNUSED_VARIABLE = YES;
				IPHONEOS_DEPLOYMENT_TARGET = 8.2;
				MTL_ENABLE_DEBUG_INFO = YES;
				ONLY_ACTIVE_ARCH = YES;
				SDKROOT = iphoneos;
			};
			name = Debug;
		};
		D6C900E71B1BE7F400CCE060 /* Release */ = {
			isa = XCBuildConfiguration;
			buildSettings = {
				ALWAYS_SEARCH_USER_PATHS = NO;
				CLANG_CXX_LANGUAGE_STANDARD = "gnu++0x";
				CLANG_CXX_LIBRARY = "libc++";
				CLANG_ENABLE_MODULES = YES;
				CLANG_ENABLE_OBJC_ARC = YES;
				CLANG_WARN_BOOL_CONVERSION = YES;
				CLANG_WARN_CONSTANT_CONVERSION = YES;
				CLANG_WARN_DIRECT_OBJC_ISA_USAGE = YES_ERROR;
				CLANG_WARN_EMPTY_BODY = YES;
				CLANG_WARN_ENUM_CONVERSION = YES;
				CLANG_WARN_INT_CONVERSION = YES;
				CLANG_WARN_OBJC_ROOT_CLASS = YES_ERROR;
				CLANG_WARN_UNREACHABLE_CODE = YES;
				CLANG_WARN__DUPLICATE_METHOD_MATCH = YES;
				"CODE_SIGN_IDENTITY[sdk=iphoneos*]" = "iPhone Developer";
				COPY_PHASE_STRIP = NO;
				ENABLE_NS_ASSERTIONS = NO;
				ENABLE_STRICT_OBJC_MSGSEND = YES;
				GCC_C_LANGUAGE_STANDARD = gnu99;
				GCC_WARN_64_TO_32_BIT_CONVERSION = YES;
				GCC_WARN_ABOUT_RETURN_TYPE = YES_ERROR;
				GCC_WARN_UNDECLARED_SELECTOR = YES;
				GCC_WARN_UNINITIALIZED_AUTOS = YES_AGGRESSIVE;
				GCC_WARN_UNUSED_FUNCTION = YES;
				GCC_WARN_UNUSED_VARIABLE = YES;
				IPHONEOS_DEPLOYMENT_TARGET = 8.2;
				MTL_ENABLE_DEBUG_INFO = NO;
				SDKROOT = iphoneos;
				VALIDATE_PRODUCT = YES;
			};
			name = Release;
		};
		D6C900E91B1BE7F400CCE060 /* Debug */ = {
			isa = XCBuildConfiguration;
			buildSettings = {
				ASSETCATALOG_COMPILER_APPICON_NAME = AppIcon;
				INFOPLIST_FILE = TPCPageScrollView/Info.plist;
				LD_RUNPATH_SEARCH_PATHS = "$(inherited) @executable_path/Frameworks";
				PRODUCT_NAME = "$(TARGET_NAME)";
			};
			name = Debug;
		};
		D6C900EA1B1BE7F400CCE060 /* Release */ = {
			isa = XCBuildConfiguration;
			buildSettings = {
				ASSETCATALOG_COMPILER_APPICON_NAME = AppIcon;
				INFOPLIST_FILE = TPCPageScrollView/Info.plist;
				LD_RUNPATH_SEARCH_PATHS = "$(inherited) @executable_path/Frameworks";
				PRODUCT_NAME = "$(TARGET_NAME)";
			};
			name = Release;
		};
		D6C900EC1B1BE7F400CCE060 /* Debug */ = {
			isa = XCBuildConfiguration;
			buildSettings = {
				BUNDLE_LOADER = "$(TEST_HOST)";
				FRAMEWORK_SEARCH_PATHS = (
					"$(SDKROOT)/Developer/Library/Frameworks",
					"$(inherited)",
				);
				GCC_PREPROCESSOR_DEFINITIONS = (
					"DEBUG=1",
					"$(inherited)",
				);
				INFOPLIST_FILE = TPCPageScrollViewTests/Info.plist;
				LD_RUNPATH_SEARCH_PATHS = "$(inherited) @executable_path/Frameworks @loader_path/Frameworks";
				PRODUCT_NAME = "$(TARGET_NAME)";
				TEST_HOST = "$(BUILT_PRODUCTS_DIR)/TPCPageScrollView.app/TPCPageScrollView";
			};
			name = Debug;
		};
		D6C900ED1B1BE7F400CCE060 /* Release */ = {
			isa = XCBuildConfiguration;
			buildSettings = {
				BUNDLE_LOADER = "$(TEST_HOST)";
				FRAMEWORK_SEARCH_PATHS = (
					"$(SDKROOT)/Developer/Library/Frameworks",
					"$(inherited)",
				);
				INFOPLIST_FILE = TPCPageScrollViewTests/Info.plist;
				LD_RUNPATH_SEARCH_PATHS = "$(inherited) @executable_path/Frameworks @loader_path/Frameworks";
				PRODUCT_NAME = "$(TARGET_NAME)";
				TEST_HOST = "$(BUILT_PRODUCTS_DIR)/TPCPageScrollView.app/TPCPageScrollView";
			};
			name = Release;
		};
/* End XCBuildConfiguration section */

/* Begin XCConfigurationList section */
		D6C900C01B1BE7F400CCE060 /* Build configuration list for PBXProject "TPCPageScrollView" */ = {
			isa = XCConfigurationList;
			buildConfigurations = (
				D6C900E61B1BE7F400CCE060 /* Debug */,
				D6C900E71B1BE7F400CCE060 /* Release */,
			);
			defaultConfigurationIsVisible = 0;
			defaultConfigurationName = Release;
		};
		D6C900E81B1BE7F400CCE060 /* Build configuration list for PBXNativeTarget "TPCPageScrollView" */ = {
			isa = XCConfigurationList;
			buildConfigurations = (
				D6C900E91B1BE7F400CCE060 /* Debug */,
				D6C900EA1B1BE7F400CCE060 /* Release */,
			);
			defaultConfigurationIsVisible = 0;
			defaultConfigurationName = Release;
		};
		D6C900EB1B1BE7F400CCE060 /* Build configuration list for PBXNativeTarget "TPCPageScrollViewTests" */ = {
			isa = XCConfigurationList;
			buildConfigurations = (
				D6C900EC1B1BE7F400CCE060 /* Debug */,
				D6C900ED1B1BE7F400CCE060 /* Release */,
			);
			defaultConfigurationIsVisible = 0;
			defaultConfigurationName = Release;
		};
/* End XCConfigurationList section */
	};
	rootObject = D6C900BD1B1BE7F400CCE060 /* Project object */;
}
